<?xml version="1.0" encoding="utf-8"?>
<Project ToolsVersion="4.0" xmlns="http://schemas.microsoft.com/developer/msbuild/2003">
  <ItemGroup>
    <Filter Include="Core">
      <UniqueIdentifier>{b2dae8f9-2921-4ddb-93e7-48b544ff567e}</UniqueIdentifier>
    </Filter>
    <Filter Include="CRT">
      <UniqueIdentifier>{2909fc81-8b3e-401f-a8e2-6564e8ccce5b}</UniqueIdentifier>
    </Filter>
    <Filter Include="Utils">
      <UniqueIdentifier>{48329d8e-cb2c-47a4-9860-3eabe4bccc3b}</UniqueIdentifier>
    </Filter>
    <Filter Include="SDK">
      <UniqueIdentifier>{dd52858c-8cd0-4a60-a704-0171103b33e1}</UniqueIdentifier>
    </Filter>
    <Filter Include="Protect">
      <UniqueIdentifier>{c30875b8-3f5d-4885-963b-0c3efcf985a2}</UniqueIdentifier>
    </Filter>
    <Filter Include="ImGui">
      <UniqueIdentifier>{bd12b55f-e9ab-43ec-9582-30e2d48773dd}</UniqueIdentifier>
    </Filter>
  </ItemGroup>
  <ItemGroup>
    <ClInclude Include="Loader.hpp">
      <Filter>Core</Filter>
    </ClInclude>
    <ClInclude Include="CRT.hpp">
      <Filter>CRT</Filter>
    </ClInclude>
    <ClInclude Include="String.hpp">
      <Filter>CRT</Filter>
    </ClInclude>
    <ClInclude Include="xor.hpp">
      <Filter>Protect</Filter>
    </ClInclude>
    <ClInclude Include="MemoryUtils.hpp">
      <Filter>Utils</Filter>
    </ClInclude>
    <ClInclude Include="ModuleUtils.hpp">
      <Filter>Utils</Filter>
    </ClInclude>
    <ClInclude Include="LazyImporter.h">
      <Filter>Protect</Filter>
    </ClInclude>
    <ClInclude Include="UEMath.hpp">
      <Filter>SDK</Filter>
    </ClInclude>
    <ClInclude Include="UEOffsets.hpp">
      <Filter>SDK</Filter>
    </ClInclude>
    <ClInclude Include="UEStructs.hpp">
      <Filter>SDK</Filter>
    </ClInclude>
    <ClInclude Include="UEUtils.hpp">
      <Filter>SDK</Filter>
    </ClInclude>
    <ClInclude Include="imconfig.h">
      <Filter>ImGui</Filter>
    </ClInclude>
    <ClInclude Include="imgui.h">
      <Filter>ImGui</Filter>
    </ClInclude>
    <ClInclude Include="imgui_impl_dx11.h">
      <Filter>ImGui</Filter>
    </ClInclude>
    <ClInclude Include="imgui_impl_win32.h">
      <Filter>ImGui</Filter>
    </ClInclude>
    <ClInclude Include="imgui_internal.h">
      <Filter>ImGui</Filter>
    </ClInclude>
    <ClInclude Include="ImShader.h">
      <Filter>ImGui</Filter>
    </ClInclude>
    <ClInclude Include="imstb_rectpack.h">
      <Filter>ImGui</Filter>
    </ClInclude>
    <ClInclude Include="imstb_textedit.h">
      <Filter>ImGui</Filter>
    </ClInclude>
    <ClInclude Include="imstb_truetype.h">
      <Filter>ImGui</Filter>
    </ClInclude>
  </ItemGroup>
  <ItemGroup>
    <ClCompile Include="Loader.cpp">
      <Filter>Core</Filter>
    </ClCompile>
    <ClCompile Include="CRT.cpp">
      <Filter>CRT</Filter>
    </ClCompile>
    <ClCompile Include="ModuleUtils.cpp">
      <Filter>Utils</Filter>
    </ClCompile>
    <ClCompile Include="UEOffsets.cpp">
      <Filter>SDK</Filter>
    </ClCompile>
    <ClCompile Include="UEUtils.cpp">
      <Filter>SDK</Filter>
    </ClCompile>
    <ClCompile Include="imgui.cpp">
      <Filter>ImGui</Filter>
    </ClCompile>
    <ClCompile Include="imgui_draw.cpp">
      <Filter>ImGui</Filter>
    </ClCompile>
    <ClCompile Include="imgui_impl_dx11.cpp">
      <Filter>ImGui</Filter>
    </ClCompile>
    <ClCompile Include="imgui_impl_win32.cpp">
      <Filter>ImGui</Filter>
    </ClCompile>
    <ClCompile Include="imgui_tables.cpp">
      <Filter>ImGui</Filter>
    </ClCompile>
    <ClCompile Include="imgui_widgets.cpp">
      <Filter>ImGui</Filter>
    </ClCompile>
  </ItemGroup>
</Project>